Microsoft Visual Studio Solution File, Format Version 12.00
# Visual Studio Version 17
VisualStudioVersion = 17.5.2.0
MinimumVisualStudioVersion = 10.0.40219.1
Project("{FAE04EC0-301F-11D3-BF4B-00C04F79EFBC}") = "backend-purchase-order", "backend-purchase-order.csproj", "{212EF19B-3D49-8252-82DF-B059B481AF07}"
EndProject
Global
	GlobalSection(SolutionConfigurationPlatforms) = preSolution
		Debug|Any CPU = Debug|Any CPU
		Release|Any CPU = Release|Any CPU
	EndGlobalSection
	GlobalSection(ProjectConfigurationPlatforms) = postSolution
		{212EF19B-3D49-8252-82DF-B059B481AF07}.Debug|Any CPU.ActiveCfg = Debug|Any CPU
		{212EF19B-3D49-8252-82DF-B059B481AF07}.Debug|Any CPU.Build.0 = Debug|Any CPU
		{212EF19B-3D49-8252-82DF-B059B481AF07}.Release|Any CPU.ActiveCfg = Release|Any CPU
		{212EF19B-3D49-8252-82DF-B059B481AF07}.Release|Any CPU.Build.0 = Release|Any CPU
	EndGlobalSection
	GlobalSection(SolutionProperties) = preSolution
		HideSolutionNode = FALSE
	EndGlobalSection
	GlobalSection(ExtensibilityGlobals) = postSolution
		SolutionGuid = {1EA46341-2BE5-43C4-80D0-6B698315FBCD}
	EndGlobalSection
EndGlobal
